# generated by rye
# use `rye lock` or `rye sync` to update this lockfile
#
# last locked with the following flags:
#   pre: false
#   features: []
#   all-features: false
#   with-sources: false

-e file:.
about-time==4.2.1
    # via alive-progress
aiohttp==3.9.4
    # via fsspec
aiosignal==1.3.1
    # via aiohttp
alive-progress==3.1.5
    # via pymoo
asttokens==2.4.1
    # via stack-data
async-timeout==4.0.3
    # via aiohttp
attrs==23.2.0
    # via aiohttp
    # via jsonschema
    # via referencing
audiomentations==0.35.0
    # via birdclef2024-4th-place-solution-melspec
audioread==3.0.1
    # via birdclef2024-4th-place-solution-melspec
    # via librosa
autograd==1.6.2
    # via pymoo
bleach==6.1.0
    # via kaggle
certifi==2022.12.7
    # via kaggle
    # via requests
    # via sentry-sdk
cffi==1.16.0
    # via pysoundfile
    # via soundfile
charset-normalizer==2.1.1
    # via requests
click==8.1.7
    # via wandb
cma==3.2.2
    # via pymoo
coloredlogs==15.0.1
    # via onnxruntime-gpu
colorednoise==2.2.0
    # via birdclef2024-4th-place-solution-melspec
comm==0.2.2
    # via ipykernel
contourpy==1.2.1
    # via matplotlib
cramjam==2.8.3
    # via fastparquet
cycler==0.12.1
    # via matplotlib
debugpy==1.8.1
    # via ipykernel
decorator==5.1.1
    # via ipython
    # via librosa
defusedxml==0.7.1
    # via openvino-dev
deprecated==1.2.14
    # via pymoo
dill==0.3.8
    # via pymoo
docker-pycreds==0.4.0
    # via wandb
exceptiongroup==1.2.0
    # via ipython
executing==2.0.1
    # via stack-data
fastjsonschema==2.19.1
    # via nbformat
fastparquet==2024.2.0
    # via birdclef2024-4th-place-solution-melspec
ffmpeg==1.4
    # via birdclef2024-4th-place-solution-melspec
filelock==3.9.0
    # via huggingface-hub
    # via torch
    # via transformers
    # via triton
flatbuffers==24.3.25
    # via onnxruntime-gpu
fonttools==4.51.0
    # via matplotlib
frozenlist==1.4.1
    # via aiohttp
    # via aiosignal
fsspec==2024.2.0
    # via fastparquet
    # via huggingface-hub
    # via lightning
    # via pytorch-lightning
    # via torch
future==1.0.0
    # via autograd
gitdb==4.0.11
    # via gitpython
gitpython==3.1.43
    # via wandb
grapheme==0.6.0
    # via alive-progress
huggingface-hub==0.23.0
    # via timm
    # via tokenizers
    # via transformers
humanfriendly==10.0
    # via coloredlogs
idna==3.4
    # via requests
    # via yarl
ipykernel==6.29.4
    # via birdclef2024-4th-place-solution-melspec
ipython==8.23.0
    # via ipykernel
jedi==0.19.1
    # via ipython
jinja2==3.1.2
    # via torch
joblib==1.4.0
    # via librosa
    # via scikit-learn
jsonschema==4.22.0
    # via nbformat
    # via nncf
jsonschema-specifications==2023.12.1
    # via jsonschema
jstyleson==0.0.2
    # via nncf
julius==0.2.7
    # via torch-audiomentations
jupyter-client==8.6.1
    # via ipykernel
jupyter-core==5.7.2
    # via ipykernel
    # via jupyter-client
    # via nbformat
kaggle==1.6.4
    # via birdclef2024-4th-place-solution-melspec
kiwisolver==1.4.5
    # via matplotlib
lazy-loader==0.4
    # via librosa
librosa==0.10.1
    # via audiomentations
    # via birdclef2024-4th-place-solution-melspec
    # via torch-audiomentations
lightning==2.2.2
    # via birdclef2024-4th-place-solution-melspec
lightning-utilities==0.11.2
    # via lightning
    # via pytorch-lightning
    # via torchmetrics
llvmlite==0.42.0
    # via numba
markdown-it-py==3.0.0
    # via rich
markupsafe==2.1.3
    # via jinja2
matplotlib==3.8.4
    # via pymoo
    # via seaborn
    # via torchshow
matplotlib-inline==0.1.7
    # via ipykernel
    # via ipython
mdurl==0.1.2
    # via markdown-it-py
mpmath==1.3.0
    # via sympy
msgpack==1.0.8
    # via librosa
multidict==6.0.5
    # via aiohttp
    # via yarl
natsort==8.4.0
    # via nncf
nbformat==5.10.4
    # via birdclef2024-4th-place-solution-melspec
nest-asyncio==1.6.0
    # via ipykernel
networkx==3.0
    # via nncf
    # via openvino-dev
    # via torch
ninja==1.11.1.1
    # via nncf
nnaudio==0.3.3
    # via birdclef2024-4th-place-solution-melspec
nncf==2.10.0
    # via birdclef2024-4th-place-solution-melspec
numba==0.59.1
    # via librosa
numpy==1.26.3
    # via audiomentations
    # via autograd
    # via cma
    # via colorednoise
    # via contourpy
    # via fastparquet
    # via librosa
    # via lightning
    # via matplotlib
    # via nnaudio
    # via nncf
    # via numba
    # via onnx
    # via onnxruntime-gpu
    # via openvino
    # via openvino-dev
    # via pandas
    # via pyarrow
    # via pymoo
    # via pytorch-lightning
    # via scikit-learn
    # via scipy
    # via seaborn
    # via soxr
    # via torchmetrics
    # via torchshow
    # via torchvision
    # via transformers
nvidia-cublas-cu12==12.1.3.1
    # via nvidia-cudnn-cu12
    # via nvidia-cusolver-cu12
    # via torch
nvidia-cuda-cupti-cu12==12.1.105
    # via torch
nvidia-cuda-nvrtc-cu12==12.1.105
    # via torch
nvidia-cuda-runtime-cu12==12.1.105
    # via torch
nvidia-cudnn-cu12==8.9.2.26
    # via torch
nvidia-cufft-cu12==11.0.2.54
    # via torch
nvidia-curand-cu12==10.3.2.106
    # via torch
nvidia-cusolver-cu12==11.4.5.107
    # via torch
nvidia-cusparse-cu12==12.1.0.106
    # via nvidia-cusolver-cu12
    # via torch
nvidia-nccl-cu12==2.19.3
    # via torch
nvidia-nvjitlink-cu12==12.1.105
    # via nvidia-cusolver-cu12
    # via nvidia-cusparse-cu12
nvidia-nvtx-cu12==12.1.105
    # via torch
onnx==1.16.1
    # via birdclef2024-4th-place-solution-melspec
onnxruntime-gpu==1.18.0
    # via birdclef2024-4th-place-solution-melspec
openvino==2024.1.0
    # via birdclef2024-4th-place-solution-melspec
    # via openvino-dev
openvino-dev==2024.1.0
    # via birdclef2024-4th-place-solution-melspec
openvino-telemetry==2024.1.0
    # via nncf
    # via openvino
    # via openvino-dev
packaging==22.0
    # via fastparquet
    # via huggingface-hub
    # via ipykernel
    # via lazy-loader
    # via lightning
    # via lightning-utilities
    # via matplotlib
    # via nncf
    # via onnxruntime-gpu
    # via openvino
    # via openvino-dev
    # via plotly
    # via pooch
    # via pytorch-lightning
    # via torch-pitch-shift
    # via torchmetrics
    # via transformers
pandas==2.2.2
    # via birdclef2024-4th-place-solution-melspec
    # via fastparquet
    # via nncf
    # via seaborn
parso==0.8.4
    # via jedi
pexpect==4.9.0
    # via ipython
pillow==10.2.0
    # via matplotlib
    # via torchvision
platformdirs==4.2.0
    # via jupyter-core
    # via pooch
    # via wandb
plotly==5.22.0
    # via birdclef2024-4th-place-solution-melspec
pooch==1.8.1
    # via librosa
primepy==1.3
    # via torch-pitch-shift
prompt-toolkit==3.0.43
    # via ipython
protobuf==5.27.0
    # via onnx
    # via onnxruntime-gpu
    # via wandb
psutil==5.9.8
    # via ipykernel
    # via nncf
    # via wandb
ptyprocess==0.7.0
    # via pexpect
pure-eval==0.2.2
    # via stack-data
pyarrow==16.0.0
    # via birdclef2024-4th-place-solution-melspec
pycparser==2.22
    # via cffi
pydot==2.0.0
    # via nncf
pygments==2.17.2
    # via ipython
    # via rich
pymoo==0.6.1.1
    # via nncf
pyparsing==3.1.2
    # via matplotlib
    # via pydot
pysoundfile==0.9.0.post1
    # via birdclef2024-4th-place-solution-melspec
python-dateutil==2.9.0.post0
    # via jupyter-client
    # via kaggle
    # via matplotlib
    # via pandas
python-slugify==8.0.4
    # via kaggle
pytorch-lightning==2.2.2
    # via lightning
pytorch-ranger==0.1.1
    # via torch-optimizer
pytz==2024.1
    # via pandas
pyyaml==6.0.1
    # via huggingface-hub
    # via lightning
    # via openvino-dev
    # via pytorch-lightning
    # via timm
    # via transformers
    # via wandb
pyzmq==26.0.0
    # via ipykernel
    # via jupyter-client
referencing==0.35.1
    # via jsonschema
    # via jsonschema-specifications
regex==2024.4.28
    # via transformers
requests==2.28.1
    # via huggingface-hub
    # via kaggle
    # via openvino-dev
    # via pooch
    # via transformers
    # via wandb
rich==13.7.1
    # via nncf
rpds-py==0.18.0
    # via jsonschema
    # via referencing
safetensors==0.4.3
    # via timm
    # via transformers
scikit-learn==1.4.2
    # via librosa
    # via nncf
scipy==1.13.0
    # via audiomentations
    # via librosa
    # via nnaudio
    # via nncf
    # via pymoo
    # via scikit-learn
seaborn==0.13.2
    # via birdclef2024-4th-place-solution-melspec
sentry-sdk==2.5.0
    # via wandb
setproctitle==1.3.3
    # via wandb
setuptools==69.5.1
    # via lightning-utilities
    # via wandb
six==1.16.0
    # via asttokens
    # via bleach
    # via docker-pycreds
    # via kaggle
    # via python-dateutil
smmap==5.0.1
    # via gitdb
soundfile==0.12.1
    # via birdclef2024-4th-place-solution-melspec
    # via librosa
soxr==0.3.7
    # via audiomentations
    # via librosa
stack-data==0.6.3
    # via ipython
sympy==1.12
    # via onnxruntime-gpu
    # via torch
tabulate==0.9.0
    # via nncf
tenacity==8.2.3
    # via plotly
text-unidecode==1.3
    # via python-slugify
threadpoolctl==3.4.0
    # via scikit-learn
timm @ git+https://github.com/huggingface/pytorch-image-models.git@cb0e4391beedcc5ac3ae4bce16561b95c326f32c
    # via birdclef2024-4th-place-solution-melspec
tokenizers==0.19.1
    # via transformers
torch==2.2.2+cu121
    # via birdclef2024-4th-place-solution-melspec
    # via julius
    # via lightning
    # via nnaudio
    # via pytorch-lightning
    # via pytorch-ranger
    # via timm
    # via torch-audiomentations
    # via torch-optimizer
    # via torch-pitch-shift
    # via torchaudio
    # via torchmetrics
    # via torchvision
torch-audiomentations==0.11.1
    # via birdclef2024-4th-place-solution-melspec
torch-optimizer==0.3.0
    # via birdclef2024-4th-place-solution-melspec
torch-pitch-shift==1.2.4
    # via torch-audiomentations
torchaudio==2.2.2+cu121
    # via birdclef2024-4th-place-solution-melspec
    # via torch-audiomentations
    # via torch-pitch-shift
torchmetrics==1.0.3
    # via lightning
    # via pytorch-lightning
torchshow==0.5.1
    # via birdclef2024-4th-place-solution-melspec
torchvision==0.17.2+cu121
    # via birdclef2024-4th-place-solution-melspec
    # via timm
tornado==6.4
    # via ipykernel
    # via jupyter-client
tqdm==4.64.1
    # via huggingface-hub
    # via kaggle
    # via lightning
    # via nncf
    # via pytorch-lightning
    # via transformers
traitlets==5.14.2
    # via comm
    # via ipykernel
    # via ipython
    # via jupyter-client
    # via jupyter-core
    # via matplotlib-inline
    # via nbformat
transformers==4.40.2
    # via birdclef2024-4th-place-solution-melspec
triton==2.2.0
    # via torch
typing-extensions==4.8.0
    # via huggingface-hub
    # via ipython
    # via librosa
    # via lightning
    # via lightning-utilities
    # via pytorch-lightning
    # via torch
tzdata==2024.1
    # via pandas
urllib3==1.26.13
    # via kaggle
    # via requests
    # via sentry-sdk
wandb==0.17.1
    # via birdclef2024-4th-place-solution-melspec
wcwidth==0.2.13
    # via prompt-toolkit
webencodings==0.5.1
    # via bleach
wrapt==1.16.0
    # via deprecated
yarl==1.9.4
    # via aiohttp
